
Microsoft Visual Studio Solution File, Format Version 12.00
# Visual Studio Version 17
VisualStudioVersion = 17.0.31903.59
MinimumVisualStudioVersion = 10.0.40219.1
Project("{FAE04EC0-301F-11D3-BF4B-00C04F79EFBC}") = "Domain", "Domain\Domain.csproj", "{30B92CAD-D0CF-4847-934F-317C7F02A681}"
EndProject
Project("{FAE04EC0-301F-11D3-BF4B-00C04F79EFBC}") = "Infra", "Infra\Infra.csproj", "{05A6D03E-52CB-4316-ACE3-3DB176612CA3}"
EndProject
Project("{FAE04EC0-301F-11D3-BF4B-00C04F79EFBC}") = "App", "App\App.csproj", "{2858C99C-65D7-49F3-B2D0-19A176F2DF0F}"
EndProject
Project("{FAE04EC0-301F-11D3-BF4B-00C04F79EFBC}") = "ChampionApp", "ChampionApp\ChampionApp.csproj", "{64DD58CB-2338-4476-BD9C-58450E63771A}"
EndProject
Global
	GlobalSection(SolutionConfigurationPlatforms) = preSolution
		Debug|Any CPU = Debug|Any CPU
		Release|Any CPU = Release|Any CPU
	EndGlobalSection
	GlobalSection(SolutionProperties) = preSolution
		HideSolutionNode = FALSE
	EndGlobalSection
	GlobalSection(ProjectConfigurationPlatforms) = postSolution
		{30B92CAD-D0CF-4847-934F-317C7F02A681}.Debug|Any CPU.ActiveCfg = Debug|Any CPU
		{30B92CAD-D0CF-4847-934F-317C7F02A681}.Debug|Any CPU.Build.0 = Debug|Any CPU
		{30B92CAD-D0CF-4847-934F-317C7F02A681}.Release|Any CPU.ActiveCfg = Release|Any CPU
		{30B92CAD-D0CF-4847-934F-317C7F02A681}.Release|Any CPU.Build.0 = Release|Any CPU
		{05A6D03E-52CB-4316-ACE3-3DB176612CA3}.Debug|Any CPU.ActiveCfg = Debug|Any CPU
		{05A6D03E-52CB-4316-ACE3-3DB176612CA3}.Debug|Any CPU.Build.0 = Debug|Any CPU
		{05A6D03E-52CB-4316-ACE3-3DB176612CA3}.Release|Any CPU.ActiveCfg = Release|Any CPU
		{05A6D03E-52CB-4316-ACE3-3DB176612CA3}.Release|Any CPU.Build.0 = Release|Any CPU
		{2858C99C-65D7-49F3-B2D0-19A176F2DF0F}.Debug|Any CPU.ActiveCfg = Debug|Any CPU
		{2858C99C-65D7-49F3-B2D0-19A176F2DF0F}.Debug|Any CPU.Build.0 = Debug|Any CPU
		{2858C99C-65D7-49F3-B2D0-19A176F2DF0F}.Release|Any CPU.ActiveCfg = Release|Any CPU
		{2858C99C-65D7-49F3-B2D0-19A176F2DF0F}.Release|Any CPU.Build.0 = Release|Any CPU
		{64DD58CB-2338-4476-BD9C-58450E63771A}.Debug|Any CPU.ActiveCfg = Debug|Any CPU
		{64DD58CB-2338-4476-BD9C-58450E63771A}.Debug|Any CPU.Build.0 = Debug|Any CPU
		{64DD58CB-2338-4476-BD9C-58450E63771A}.Release|Any CPU.ActiveCfg = Release|Any CPU
		{64DD58CB-2338-4476-BD9C-58450E63771A}.Release|Any CPU.Build.0 = Release|Any CPU
	EndGlobalSection
EndGlobal
